
Microsoft Visual Studio Solution File, Format Version 12.00
# Visual Studio Version 17
VisualStudioVersion = 17.5.002.0
MinimumVisualStudioVersion = 10.0.40219.1
Project("{9A19103F-16F7-4668-BE54-9A1E7A4F7556}") = "WSDOTTest", "WSDOTTest\WSDOTTest.csproj", "{094370FD-239C-4021-8AF2-DCE4E81D0B08}"
EndProject
Project("{9A19103F-16F7-4668-BE54-9A1E7A4F7556}") = "WSDOT", "WSDOT\WSDOT.csproj", "{930369EE-5D82-479A-A074-1C25514425EA}"
EndProject
Global
	GlobalSection(SolutionConfigurationPlatforms) = preSolution
		Debug|Any CPU = Debug|Any CPU
		Release|Any CPU = Release|Any CPU
	EndGlobalSection
	GlobalSection(ProjectConfigurationPlatforms) = postSolution
		{094370FD-239C-4021-8AF2-DCE4E81D0B08}.Debug|Any CPU.ActiveCfg = Debug|Any CPU
		{094370FD-239C-4021-8AF2-DCE4E81D0B08}.Debug|Any CPU.Build.0 = Debug|Any CPU
		{094370FD-239C-4021-8AF2-DCE4E81D0B08}.Release|Any CPU.ActiveCfg = Release|Any CPU
		{094370FD-239C-4021-8AF2-DCE4E81D0B08}.Release|Any CPU.Build.0 = Release|Any CPU
		{930369EE-5D82-479A-A074-1C25514425EA}.Debug|Any CPU.ActiveCfg = Debug|Any CPU
		{930369EE-5D82-479A-A074-1C25514425EA}.Debug|Any CPU.Build.0 = Debug|Any CPU
		{930369EE-5D82-479A-A074-1C25514425EA}.Release|Any CPU.ActiveCfg = Release|Any CPU
		{930369EE-5D82-479A-A074-1C25514425EA}.Release|Any CPU.Build.0 = Release|Any CPU
	EndGlobalSection
	GlobalSection(SolutionProperties) = preSolution
		HideSolutionNode = FALSE
	EndGlobalSection
	GlobalSection(ExtensibilityGlobals) = postSolution
		SolutionGuid = {1C21A805-2ED0-4CD3-B894-3B104CC89ECF}
	EndGlobalSection
EndGlobal
